
Microsoft Visual Studio Solution File, Format Version 12.00
# Visual Studio Version 16
VisualStudioVersion = 16.0.30717.126
MinimumVisualStudioVersion = 10.0.40219.1
Project("{FAE04EC0-301F-11D3-BF4B-00C04F79EFBC}") = "DatetimeExplanation", "DatetimeExplanation.csproj", "{179A9F8E-F2F0-459A-A9B9-2EECB182748D}"
EndProject
Global
	GlobalSection(SolutionConfigurationPlatforms) = preSolution
		Debug|Any CPU = Debug|Any CPU
		Release|Any CPU = Release|Any CPU
	EndGlobalSection
	GlobalSection(ProjectConfigurationPlatforms) = postSolution
		{179A9F8E-F2F0-459A-A9B9-2EECB182748D}.Debug|Any CPU.ActiveCfg = Debug|Any CPU
		{179A9F8E-F2F0-459A-A9B9-2EECB182748D}.Debug|Any CPU.Build.0 = Debug|Any CPU
		{179A9F8E-F2F0-459A-A9B9-2EECB182748D}.Release|Any CPU.ActiveCfg = Release|Any CPU
		{179A9F8E-F2F0-459A-A9B9-2EECB182748D}.Release|Any CPU.Build.0 = Release|Any CPU
	EndGlobalSection
	GlobalSection(SolutionProperties) = preSolution
		HideSolutionNode = FALSE
	EndGlobalSection
	GlobalSection(ExtensibilityGlobals) = postSolution
		SolutionGuid = {2A54AD00-4F8F-4B5C-B220-A176D1E6097C}
	EndGlobalSection
EndGlobal
